
Microsoft Visual Studio Solution File, Format Version 12.00
Project("{FAE04EC0-301F-11D3-BF4B-00C04F79EFBC}") = "SeveriTommaso", "SeveriTommaso\SeveriTommaso.csproj", "{BFFBD2C0-1147-4487-A1FE-BAC128796553}"
EndProject
Project("{FAE04EC0-301F-11D3-BF4B-00C04F79EFBC}") = "CerediTommaso", "CerediTommaso\CerediTommaso.csproj", "{962D3016-C2B9-46F2-8706-D0403F776136}"
EndProject
Project("{FAE04EC0-301F-11D3-BF4B-00C04F79EFBC}") = "BudaFrancesco", "BudaFrancesco\BudaFrancesco.csproj", "{01B30173-44ED-4A28-8D7E-C6DAB41698F4}"
EndProject
Project("{FAE04EC0-301F-11D3-BF4B-00C04F79EFBC}") = "MagliaDanilo", "MagliaDanilo\MagliaDanilo.csproj", "{5751510F-70DF-4897-AC36-6ED0506C8F3F}"
EndProject
Project("{FAE04EC0-301F-11D3-BF4B-00C04F79EFBC}") = "SeveriTommasoTest", "SeveriTommasoTest\SeveriTommasoTest.csproj", "{A09523A7-455B-4903-ABAC-D52614105DA6}"
EndProject
Project("{FAE04EC0-301F-11D3-BF4B-00C04F79EFBC}") = "MagliaDaniloTest", "MagliaDaniloTest\MagliaDaniloTest.csproj", "{8E479E6E-D2FB-4D33-89F2-810A658B8541}"
EndProject
Global
	GlobalSection(SolutionConfigurationPlatforms) = preSolution
		Debug|Any CPU = Debug|Any CPU
		Release|Any CPU = Release|Any CPU
	EndGlobalSection
	GlobalSection(ProjectConfigurationPlatforms) = postSolution
		{01B30173-44ED-4A28-8D7E-C6DAB41698F4}.Debug|Any CPU.ActiveCfg = Debug|Any CPU
		{01B30173-44ED-4A28-8D7E-C6DAB41698F4}.Debug|Any CPU.Build.0 = Debug|Any CPU
		{962D3016-C2B9-46F2-8706-D0403F776136}.Debug|Any CPU.ActiveCfg = Debug|Any CPU
		{962D3016-C2B9-46F2-8706-D0403F776136}.Debug|Any CPU.Build.0 = Debug|Any CPU
		{5751510F-70DF-4897-AC36-6ED0506C8F3F}.Debug|Any CPU.ActiveCfg = Debug|Any CPU
		{5751510F-70DF-4897-AC36-6ED0506C8F3F}.Debug|Any CPU.Build.0 = Debug|Any CPU
		{BFFBD2C0-1147-4487-A1FE-BAC128796553}.Debug|Any CPU.ActiveCfg = Debug|Any CPU
		{BFFBD2C0-1147-4487-A1FE-BAC128796553}.Debug|Any CPU.Build.0 = Debug|Any CPU
		{A09523A7-455B-4903-ABAC-D52614105DA6}.Debug|Any CPU.ActiveCfg = Debug|Any CPU
		{A09523A7-455B-4903-ABAC-D52614105DA6}.Debug|Any CPU.Build.0 = Debug|Any CPU
		{A09523A7-455B-4903-ABAC-D52614105DA6}.Release|Any CPU.ActiveCfg = Release|Any CPU
		{A09523A7-455B-4903-ABAC-D52614105DA6}.Release|Any CPU.Build.0 = Release|Any CPU
	EndGlobalSection
EndGlobal
